
Microsoft Visual Studio Solution File, Format Version 12.00
# Visual Studio Version 17
VisualStudioVersion = 17.0.31903.59
MinimumVisualStudioVersion = 10.0.40219.1
Project("{2150E333-8FDC-42A3-9474-1A3956D46DE8}") = "src", "src", "{827E0CD3-B72D-47B6-A68D-7590B98EB39B}"
EndProject
Project("{FAE04EC0-301F-11D3-BF4B-00C04F79EFBC}") = "KF.Processing", "src\KF.Processing\KF.Processing.csproj", "{BB3A4261-7B55-4B24-B710-9F9C2610B6A2}"
EndProject
Project("{FAE04EC0-301F-11D3-BF4B-00C04F79EFBC}") = "KF.Processing.Flow.Abstractions", "src\KF.Processing.Flow.Abstractions\KF.Processing.Flow.Abstractions.csproj", "{AC324B47-6BA2-4F23-8418-8ED07D6CD1B5}"
EndProject
Project("{FAE04EC0-301F-11D3-BF4B-00C04F79EFBC}") = "KF.Processing.Flow", "src\KF.Processing.Flow\KF.Processing.Flow.csproj", "{7984368B-3261-44C6-8910-3405E22CC24B}"
EndProject
Project("{FAE04EC0-301F-11D3-BF4B-00C04F79EFBC}") = "KF.Processing.Pipeline.Abstractions", "src\KF.Processing.Pipeline.Abstractions\KF.Processing.Pipeline.Abstractions.csproj", "{E64CC2FB-57BC-4CAD-B7AA-F750FCCEA7C4}"
EndProject
Project("{FAE04EC0-301F-11D3-BF4B-00C04F79EFBC}") = "KF.Processing.Pipeline", "src\KF.Processing.Pipeline\KF.Processing.Pipeline.csproj", "{89E5181A-C4FB-40AF-8737-A916785EC20E}"
EndProject
Project("{FAE04EC0-301F-11D3-BF4B-00C04F79EFBC}") = "KF.Processing.Pipelines", "src\KF.Processing.Pipelines\KF.Processing.Pipelines.csproj", "{D3D52942-1DDE-42AA-8A7F-C06786D55718}"
EndProject
Project("{2150E333-8FDC-42A3-9474-1A3956D46DE8}") = "tst", "tst", "{927D5C5A-C3F5-A059-FD9E-09B4C1EC2C3D}"
EndProject
Project("{FAE04EC0-301F-11D3-BF4B-00C04F79EFBC}") = "KF.Processing.Flow.Abstractions.Tests", "tst\KF.Processing.Flow.Abstractions.Tests\KF.Processing.Flow.Abstractions.Tests.csproj", "{D3FB1AC2-D1CC-410A-AAE2-15763343E40E}"
EndProject
Project("{FAE04EC0-301F-11D3-BF4B-00C04F79EFBC}") = "KF.Processing.Flow.Tests", "tst\KF.Processing.Flow.Tests\KF.Processing.Flow.Tests.csproj", "{923E83EE-8DFF-4EF8-A083-4699DFA8D584}"
EndProject
Project("{FAE04EC0-301F-11D3-BF4B-00C04F79EFBC}") = "KF.Processing.Pipeline.Abstractions.Tests", "tst\KF.Processing.Pipeline.Abstractions.Tests\KF.Processing.Pipeline.Abstractions.Tests.csproj", "{1BC117E3-80EB-4439-8418-A887D49837F5}"
EndProject
Project("{FAE04EC0-301F-11D3-BF4B-00C04F79EFBC}") = "KF.Processing.Pipeline.Tests", "tst\KF.Processing.Pipeline.Tests\KF.Processing.Pipeline.Tests.csproj", "{FAD40F43-D700-4FF7-A475-69BDEC1B73EE}"
EndProject
Project("{FAE04EC0-301F-11D3-BF4B-00C04F79EFBC}") = "KF.Processing.Pipelines.Tests", "tst\KF.Processing.Pipelines.Tests\KF.Processing.Pipelines.Tests.csproj", "{9DAED538-3C6E-4982-B346-9D4E36B1D794}"
EndProject
Global
	GlobalSection(SolutionConfigurationPlatforms) = preSolution
		Debug|Any CPU = Debug|Any CPU
		Debug|x64 = Debug|x64
		Debug|x86 = Debug|x86
		Release|Any CPU = Release|Any CPU
		Release|x64 = Release|x64
		Release|x86 = Release|x86
	EndGlobalSection
	GlobalSection(ProjectConfigurationPlatforms) = postSolution
		{BB3A4261-7B55-4B24-B710-9F9C2610B6A2}.Debug|Any CPU.ActiveCfg = Debug|Any CPU
		{BB3A4261-7B55-4B24-B710-9F9C2610B6A2}.Debug|Any CPU.Build.0 = Debug|Any CPU
		{BB3A4261-7B55-4B24-B710-9F9C2610B6A2}.Debug|x64.ActiveCfg = Debug|Any CPU
		{BB3A4261-7B55-4B24-B710-9F9C2610B6A2}.Debug|x64.Build.0 = Debug|Any CPU
		{BB3A4261-7B55-4B24-B710-9F9C2610B6A2}.Debug|x86.ActiveCfg = Debug|Any CPU
		{BB3A4261-7B55-4B24-B710-9F9C2610B6A2}.Debug|x86.Build.0 = Debug|Any CPU
		{BB3A4261-7B55-4B24-B710-9F9C2610B6A2}.Release|Any CPU.ActiveCfg = Release|Any CPU
		{BB3A4261-7B55-4B24-B710-9F9C2610B6A2}.Release|Any CPU.Build.0 = Release|Any CPU
		{BB3A4261-7B55-4B24-B710-9F9C2610B6A2}.Release|x64.ActiveCfg = Release|Any CPU
		{BB3A4261-7B55-4B24-B710-9F9C2610B6A2}.Release|x64.Build.0 = Release|Any CPU
		{BB3A4261-7B55-4B24-B710-9F9C2610B6A2}.Release|x86.ActiveCfg = Release|Any CPU
		{BB3A4261-7B55-4B24-B710-9F9C2610B6A2}.Release|x86.Build.0 = Release|Any CPU
		{AC324B47-6BA2-4F23-8418-8ED07D6CD1B5}.Debug|Any CPU.ActiveCfg = Debug|Any CPU
		{AC324B47-6BA2-4F23-8418-8ED07D6CD1B5}.Debug|Any CPU.Build.0 = Debug|Any CPU
		{AC324B47-6BA2-4F23-8418-8ED07D6CD1B5}.Debug|x64.ActiveCfg = Debug|Any CPU
		{AC324B47-6BA2-4F23-8418-8ED07D6CD1B5}.Debug|x64.Build.0 = Debug|Any CPU
		{AC324B47-6BA2-4F23-8418-8ED07D6CD1B5}.Debug|x86.ActiveCfg = Debug|Any CPU
		{AC324B47-6BA2-4F23-8418-8ED07D6CD1B5}.Debug|x86.Build.0 = Debug|Any CPU
		{AC324B47-6BA2-4F23-8418-8ED07D6CD1B5}.Release|Any CPU.ActiveCfg = Release|Any CPU
		{AC324B47-6BA2-4F23-8418-8ED07D6CD1B5}.Release|Any CPU.Build.0 = Release|Any CPU
		{AC324B47-6BA2-4F23-8418-8ED07D6CD1B5}.Release|x64.ActiveCfg = Release|Any CPU
		{AC324B47-6BA2-4F23-8418-8ED07D6CD1B5}.Release|x64.Build.0 = Release|Any CPU
		{AC324B47-6BA2-4F23-8418-8ED07D6CD1B5}.Release|x86.ActiveCfg = Release|Any CPU
		{AC324B47-6BA2-4F23-8418-8ED07D6CD1B5}.Release|x86.Build.0 = Release|Any CPU
		{7984368B-3261-44C6-8910-3405E22CC24B}.Debug|Any CPU.ActiveCfg = Debug|Any CPU
		{7984368B-3261-44C6-8910-3405E22CC24B}.Debug|Any CPU.Build.0 = Debug|Any CPU
		{7984368B-3261-44C6-8910-3405E22CC24B}.Debug|x64.ActiveCfg = Debug|Any CPU
		{7984368B-3261-44C6-8910-3405E22CC24B}.Debug|x64.Build.0 = Debug|Any CPU
		{7984368B-3261-44C6-8910-3405E22CC24B}.Debug|x86.ActiveCfg = Debug|Any CPU
		{7984368B-3261-44C6-8910-3405E22CC24B}.Debug|x86.Build.0 = Debug|Any CPU
		{7984368B-3261-44C6-8910-3405E22CC24B}.Release|Any CPU.ActiveCfg = Release|Any CPU
		{7984368B-3261-44C6-8910-3405E22CC24B}.Release|Any CPU.Build.0 = Release|Any CPU
		{7984368B-3261-44C6-8910-3405E22CC24B}.Release|x64.ActiveCfg = Release|Any CPU
		{7984368B-3261-44C6-8910-3405E22CC24B}.Release|x64.Build.0 = Release|Any CPU
		{7984368B-3261-44C6-8910-3405E22CC24B}.Release|x86.ActiveCfg = Release|Any CPU
		{7984368B-3261-44C6-8910-3405E22CC24B}.Release|x86.Build.0 = Release|Any CPU
		{E64CC2FB-57BC-4CAD-B7AA-F750FCCEA7C4}.Debug|Any CPU.ActiveCfg = Debug|Any CPU
		{E64CC2FB-57BC-4CAD-B7AA-F750FCCEA7C4}.Debug|Any CPU.Build.0 = Debug|Any CPU
		{E64CC2FB-57BC-4CAD-B7AA-F750FCCEA7C4}.Debug|x64.ActiveCfg = Debug|Any CPU
		{E64CC2FB-57BC-4CAD-B7AA-F750FCCEA7C4}.Debug|x64.Build.0 = Debug|Any CPU
		{E64CC2FB-57BC-4CAD-B7AA-F750FCCEA7C4}.Debug|x86.ActiveCfg = Debug|Any CPU
		{E64CC2FB-57BC-4CAD-B7AA-F750FCCEA7C4}.Debug|x86.Build.0 = Debug|Any CPU
		{E64CC2FB-57BC-4CAD-B7AA-F750FCCEA7C4}.Release|Any CPU.ActiveCfg = Release|Any CPU
		{E64CC2FB-57BC-4CAD-B7AA-F750FCCEA7C4}.Release|Any CPU.Build.0 = Release|Any CPU
		{E64CC2FB-57BC-4CAD-B7AA-F750FCCEA7C4}.Release|x64.ActiveCfg = Release|Any CPU
		{E64CC2FB-57BC-4CAD-B7AA-F750FCCEA7C4}.Release|x64.Build.0 = Release|Any CPU
		{E64CC2FB-57BC-4CAD-B7AA-F750FCCEA7C4}.Release|x86.ActiveCfg = Release|Any CPU
		{E64CC2FB-57BC-4CAD-B7AA-F750FCCEA7C4}.Release|x86.Build.0 = Release|Any CPU
		{89E5181A-C4FB-40AF-8737-A916785EC20E}.Debug|Any CPU.ActiveCfg = Debug|Any CPU
		{89E5181A-C4FB-40AF-8737-A916785EC20E}.Debug|Any CPU.Build.0 = Debug|Any CPU
		{89E5181A-C4FB-40AF-8737-A916785EC20E}.Debug|x64.ActiveCfg = Debug|Any CPU
		{89E5181A-C4FB-40AF-8737-A916785EC20E}.Debug|x64.Build.0 = Debug|Any CPU
		{89E5181A-C4FB-40AF-8737-A916785EC20E}.Debug|x86.ActiveCfg = Debug|Any CPU
		{89E5181A-C4FB-40AF-8737-A916785EC20E}.Debug|x86.Build.0 = Debug|Any CPU
		{89E5181A-C4FB-40AF-8737-A916785EC20E}.Release|Any CPU.ActiveCfg = Release|Any CPU
		{89E5181A-C4FB-40AF-8737-A916785EC20E}.Release|Any CPU.Build.0 = Release|Any CPU
		{89E5181A-C4FB-40AF-8737-A916785EC20E}.Release|x64.ActiveCfg = Release|Any CPU
		{89E5181A-C4FB-40AF-8737-A916785EC20E}.Release|x64.Build.0 = Release|Any CPU
		{89E5181A-C4FB-40AF-8737-A916785EC20E}.Release|x86.ActiveCfg = Release|Any CPU
		{89E5181A-C4FB-40AF-8737-A916785EC20E}.Release|x86.Build.0 = Release|Any CPU
		{D3D52942-1DDE-42AA-8A7F-C06786D55718}.Debug|Any CPU.ActiveCfg = Debug|Any CPU
		{D3D52942-1DDE-42AA-8A7F-C06786D55718}.Debug|Any CPU.Build.0 = Debug|Any CPU
		{D3D52942-1DDE-42AA-8A7F-C06786D55718}.Debug|x64.ActiveCfg = Debug|Any CPU
		{D3D52942-1DDE-42AA-8A7F-C06786D55718}.Debug|x64.Build.0 = Debug|Any CPU
		{D3D52942-1DDE-42AA-8A7F-C06786D55718}.Debug|x86.ActiveCfg = Debug|Any CPU
		{D3D52942-1DDE-42AA-8A7F-C06786D55718}.Debug|x86.Build.0 = Debug|Any CPU
		{D3D52942-1DDE-42AA-8A7F-C06786D55718}.Release|Any CPU.ActiveCfg = Release|Any CPU
		{D3D52942-1DDE-42AA-8A7F-C06786D55718}.Release|Any CPU.Build.0 = Release|Any CPU
		{D3D52942-1DDE-42AA-8A7F-C06786D55718}.Release|x64.ActiveCfg = Release|Any CPU
		{D3D52942-1DDE-42AA-8A7F-C06786D55718}.Release|x64.Build.0 = Release|Any CPU
		{D3D52942-1DDE-42AA-8A7F-C06786D55718}.Release|x86.ActiveCfg = Release|Any CPU
		{D3D52942-1DDE-42AA-8A7F-C06786D55718}.Release|x86.Build.0 = Release|Any CPU
		{D3FB1AC2-D1CC-410A-AAE2-15763343E40E}.Debug|Any CPU.ActiveCfg = Debug|Any CPU
		{D3FB1AC2-D1CC-410A-AAE2-15763343E40E}.Debug|Any CPU.Build.0 = Debug|Any CPU
		{D3FB1AC2-D1CC-410A-AAE2-15763343E40E}.Debug|x64.ActiveCfg = Debug|Any CPU
		{D3FB1AC2-D1CC-410A-AAE2-15763343E40E}.Debug|x64.Build.0 = Debug|Any CPU
		{D3FB1AC2-D1CC-410A-AAE2-15763343E40E}.Debug|x86.ActiveCfg = Debug|Any CPU
		{D3FB1AC2-D1CC-410A-AAE2-15763343E40E}.Debug|x86.Build.0 = Debug|Any CPU
		{D3FB1AC2-D1CC-410A-AAE2-15763343E40E}.Release|Any CPU.ActiveCfg = Release|Any CPU
		{D3FB1AC2-D1CC-410A-AAE2-15763343E40E}.Release|Any CPU.Build.0 = Release|Any CPU
		{D3FB1AC2-D1CC-410A-AAE2-15763343E40E}.Release|x64.ActiveCfg = Release|Any CPU
		{D3FB1AC2-D1CC-410A-AAE2-15763343E40E}.Release|x64.Build.0 = Release|Any CPU
		{D3FB1AC2-D1CC-410A-AAE2-15763343E40E}.Release|x86.ActiveCfg = Release|Any CPU
		{D3FB1AC2-D1CC-410A-AAE2-15763343E40E}.Release|x86.Build.0 = Release|Any CPU
		{923E83EE-8DFF-4EF8-A083-4699DFA8D584}.Debug|Any CPU.ActiveCfg = Debug|Any CPU
		{923E83EE-8DFF-4EF8-A083-4699DFA8D584}.Debug|Any CPU.Build.0 = Debug|Any CPU
		{923E83EE-8DFF-4EF8-A083-4699DFA8D584}.Debug|x64.ActiveCfg = Debug|Any CPU
		{923E83EE-8DFF-4EF8-A083-4699DFA8D584}.Debug|x64.Build.0 = Debug|Any CPU
		{923E83EE-8DFF-4EF8-A083-4699DFA8D584}.Debug|x86.ActiveCfg = Debug|Any CPU
		{923E83EE-8DFF-4EF8-A083-4699DFA8D584}.Debug|x86.Build.0 = Debug|Any CPU
		{923E83EE-8DFF-4EF8-A083-4699DFA8D584}.Release|Any CPU.ActiveCfg = Release|Any CPU
		{923E83EE-8DFF-4EF8-A083-4699DFA8D584}.Release|Any CPU.Build.0 = Release|Any CPU
		{923E83EE-8DFF-4EF8-A083-4699DFA8D584}.Release|x64.ActiveCfg = Release|Any CPU
		{923E83EE-8DFF-4EF8-A083-4699DFA8D584}.Release|x64.Build.0 = Release|Any CPU
		{923E83EE-8DFF-4EF8-A083-4699DFA8D584}.Release|x86.ActiveCfg = Release|Any CPU
		{923E83EE-8DFF-4EF8-A083-4699DFA8D584}.Release|x86.Build.0 = Release|Any CPU
		{1BC117E3-80EB-4439-8418-A887D49837F5}.Debug|Any CPU.ActiveCfg = Debug|Any CPU
		{1BC117E3-80EB-4439-8418-A887D49837F5}.Debug|Any CPU.Build.0 = Debug|Any CPU
		{1BC117E3-80EB-4439-8418-A887D49837F5}.Debug|x64.ActiveCfg = Debug|Any CPU
		{1BC117E3-80EB-4439-8418-A887D49837F5}.Debug|x64.Build.0 = Debug|Any CPU
		{1BC117E3-80EB-4439-8418-A887D49837F5}.Debug|x86.ActiveCfg = Debug|Any CPU
		{1BC117E3-80EB-4439-8418-A887D49837F5}.Debug|x86.Build.0 = Debug|Any CPU
		{1BC117E3-80EB-4439-8418-A887D49837F5}.Release|Any CPU.ActiveCfg = Release|Any CPU
		{1BC117E3-80EB-4439-8418-A887D49837F5}.Release|Any CPU.Build.0 = Release|Any CPU
		{1BC117E3-80EB-4439-8418-A887D49837F5}.Release|x64.ActiveCfg = Release|Any CPU
		{1BC117E3-80EB-4439-8418-A887D49837F5}.Release|x64.Build.0 = Release|Any CPU
		{1BC117E3-80EB-4439-8418-A887D49837F5}.Release|x86.ActiveCfg = Release|Any CPU
		{1BC117E3-80EB-4439-8418-A887D49837F5}.Release|x86.Build.0 = Release|Any CPU
		{FAD40F43-D700-4FF7-A475-69BDEC1B73EE}.Debug|Any CPU.ActiveCfg = Debug|Any CPU
		{FAD40F43-D700-4FF7-A475-69BDEC1B73EE}.Debug|Any CPU.Build.0 = Debug|Any CPU
		{FAD40F43-D700-4FF7-A475-69BDEC1B73EE}.Debug|x64.ActiveCfg = Debug|Any CPU
		{FAD40F43-D700-4FF7-A475-69BDEC1B73EE}.Debug|x64.Build.0 = Debug|Any CPU
		{FAD40F43-D700-4FF7-A475-69BDEC1B73EE}.Debug|x86.ActiveCfg = Debug|Any CPU
		{FAD40F43-D700-4FF7-A475-69BDEC1B73EE}.Debug|x86.Build.0 = Debug|Any CPU
		{FAD40F43-D700-4FF7-A475-69BDEC1B73EE}.Release|Any CPU.ActiveCfg = Release|Any CPU
		{FAD40F43-D700-4FF7-A475-69BDEC1B73EE}.Release|Any CPU.Build.0 = Release|Any CPU
		{FAD40F43-D700-4FF7-A475-69BDEC1B73EE}.Release|x64.ActiveCfg = Release|Any CPU
		{FAD40F43-D700-4FF7-A475-69BDEC1B73EE}.Release|x64.Build.0 = Release|Any CPU
		{FAD40F43-D700-4FF7-A475-69BDEC1B73EE}.Release|x86.ActiveCfg = Release|Any CPU
		{FAD40F43-D700-4FF7-A475-69BDEC1B73EE}.Release|x86.Build.0 = Release|Any CPU
		{9DAED538-3C6E-4982-B346-9D4E36B1D794}.Debug|Any CPU.ActiveCfg = Debug|Any CPU
		{9DAED538-3C6E-4982-B346-9D4E36B1D794}.Debug|Any CPU.Build.0 = Debug|Any CPU
		{9DAED538-3C6E-4982-B346-9D4E36B1D794}.Debug|x64.ActiveCfg = Debug|Any CPU
		{9DAED538-3C6E-4982-B346-9D4E36B1D794}.Debug|x64.Build.0 = Debug|Any CPU
		{9DAED538-3C6E-4982-B346-9D4E36B1D794}.Debug|x86.ActiveCfg = Debug|Any CPU
		{9DAED538-3C6E-4982-B346-9D4E36B1D794}.Debug|x86.Build.0 = Debug|Any CPU
		{9DAED538-3C6E-4982-B346-9D4E36B1D794}.Release|Any CPU.ActiveCfg = Release|Any CPU
		{9DAED538-3C6E-4982-B346-9D4E36B1D794}.Release|Any CPU.Build.0 = Release|Any CPU
		{9DAED538-3C6E-4982-B346-9D4E36B1D794}.Release|x64.ActiveCfg = Release|Any CPU
		{9DAED538-3C6E-4982-B346-9D4E36B1D794}.Release|x64.Build.0 = Release|Any CPU
		{9DAED538-3C6E-4982-B346-9D4E36B1D794}.Release|x86.ActiveCfg = Release|Any CPU
		{9DAED538-3C6E-4982-B346-9D4E36B1D794}.Release|x86.Build.0 = Release|Any CPU
	EndGlobalSection
	GlobalSection(SolutionProperties) = preSolution
		HideSolutionNode = FALSE
	EndGlobalSection
	GlobalSection(NestedProjects) = preSolution
		{BB3A4261-7B55-4B24-B710-9F9C2610B6A2} = {827E0CD3-B72D-47B6-A68D-7590B98EB39B}
		{AC324B47-6BA2-4F23-8418-8ED07D6CD1B5} = {827E0CD3-B72D-47B6-A68D-7590B98EB39B}
		{7984368B-3261-44C6-8910-3405E22CC24B} = {827E0CD3-B72D-47B6-A68D-7590B98EB39B}
		{E64CC2FB-57BC-4CAD-B7AA-F750FCCEA7C4} = {827E0CD3-B72D-47B6-A68D-7590B98EB39B}
		{89E5181A-C4FB-40AF-8737-A916785EC20E} = {827E0CD3-B72D-47B6-A68D-7590B98EB39B}
		{D3D52942-1DDE-42AA-8A7F-C06786D55718} = {827E0CD3-B72D-47B6-A68D-7590B98EB39B}
		{D3FB1AC2-D1CC-410A-AAE2-15763343E40E} = {927D5C5A-C3F5-A059-FD9E-09B4C1EC2C3D}
		{923E83EE-8DFF-4EF8-A083-4699DFA8D584} = {927D5C5A-C3F5-A059-FD9E-09B4C1EC2C3D}
		{1BC117E3-80EB-4439-8418-A887D49837F5} = {927D5C5A-C3F5-A059-FD9E-09B4C1EC2C3D}
		{FAD40F43-D700-4FF7-A475-69BDEC1B73EE} = {927D5C5A-C3F5-A059-FD9E-09B4C1EC2C3D}
		{9DAED538-3C6E-4982-B346-9D4E36B1D794} = {927D5C5A-C3F5-A059-FD9E-09B4C1EC2C3D}
	EndGlobalSection
EndGlobal
