<Solution>
  <Configurations>
    <Platform Name="Any CPU" />
    <Platform Name="x64" />
    <Platform Name="x86" />
  </Configurations>
  <Folder Name="/src/">
    <Project Path="src/KoreForge.Processing.Flow.Abstractions/KoreForge.Processing.Flow.Abstractions.csproj" />
    <Project Path="src/KoreForge.Processing.Flow/KoreForge.Processing.Flow.csproj" />
    <Project Path="src/KoreForge.Processing.Pipeline.Abstractions/KoreForge.Processing.Pipeline.Abstractions.csproj" />
    <Project Path="src/KoreForge.Processing.Pipeline/KoreForge.Processing.Pipeline.csproj" />
    <Project Path="src/KoreForge.Processing.Pipelines/KoreForge.Processing.Pipelines.csproj" />
    <Project Path="src/KoreForge.Processing/KoreForge.Processing.csproj" />
  </Folder>
  <Folder Name="/tst/">
    <Project Path="tst/KoreForge.Processing.Flow.Abstractions.Tests/KoreForge.Processing.Flow.Abstractions.Tests.csproj" />
    <Project Path="tst/KoreForge.Processing.Flow.Tests/KoreForge.Processing.Flow.Tests.csproj" />
    <Project Path="tst/KoreForge.Processing.Pipeline.Abstractions.Tests/KoreForge.Processing.Pipeline.Abstractions.Tests.csproj" />
    <Project Path="tst/KoreForge.Processing.Pipeline.Tests/KoreForge.Processing.Pipeline.Tests.csproj" />
    <Project Path="tst/KoreForge.Processing.Pipelines.Tests/KoreForge.Processing.Pipelines.Tests.csproj" />
  </Folder>
</Solution>
